{
  "name": "calculator",
  "version": "0.1.0",
  "lockfileVersion": 1,
  "requires": true,
  "dependencies": {
    "react": {
      "version": "16.0.0",
      "resolved": "https://registry.npmjs.org/react/-/react-16.0.0.tgz",
      "integrity": "sha1-zn348ZQbA28Cssyp29DLHw6FXi0="
    },
    "react-dom": {
      "version": "16.0.0",
      "resolved": "https://registry.npmjs.org/react-dom/-/react-dom-16.0.0.tgz",
      "integrity": "sha1-nMMHnD3NcNTG4BuEqrKn40wwP1g="
    },
    "react-scripts": {
      "version": "1.0.14",
      "resolved": "https://registry.npmjs.org/react-scripts/-/react-scripts-1.0.14.tgz",
      "integrity": "sha512-+p0q2N2WW7L4WW6uObqN7fYwSQZ9fBI0StpMYl1Ukoz/lCbemf+yW6b8refyhTsGy62GAqxlpyEfVcTE3hJAxg==",
      "dependencies": {
        "promise": {
          "version": "8.0.1",
          "resolved": "https://registry.npmjs.org/promise/-/promise-8.0.1.tgz",
          "integrity": "sha1-5F1osAoXZHttpxG/he1u1HII9FA="
        }
      }
    }
  }
}
